
Microsoft Visual Studio Solution File, Format Version 12.00
# Visual Studio Version 16
VisualStudioVersion = 16.0.31025.194
MinimumVisualStudioVersion = 10.0.40219.1
Project("{FAE04EC0-301F-11D3-BF4B-00C04F79EFBC}") = "RepositoryUsingEFinMVC", "RepositoryUsingEFinMVC\RepositoryUsingEFinMVC.csproj", "{67106C8C-6B04-473C-807E-DD4FAAA65AFA}"
EndProject
Global
	GlobalSection(SolutionConfigurationPlatforms) = preSolution
		Debug|Any CPU = Debug|Any CPU
		Release|Any CPU = Release|Any CPU
	EndGlobalSection
	GlobalSection(ProjectConfigurationPlatforms) = postSolution
		{67106C8C-6B04-473C-807E-DD4FAAA65AFA}.Debug|Any CPU.ActiveCfg = Debug|Any CPU
		{67106C8C-6B04-473C-807E-DD4FAAA65AFA}.Debug|Any CPU.Build.0 = Debug|Any CPU
		{67106C8C-6B04-473C-807E-DD4FAAA65AFA}.Release|Any CPU.ActiveCfg = Release|Any CPU
		{67106C8C-6B04-473C-807E-DD4FAAA65AFA}.Release|Any CPU.Build.0 = Release|Any CPU
	EndGlobalSection
	GlobalSection(SolutionProperties) = preSolution
		HideSolutionNode = FALSE
	EndGlobalSection
	GlobalSection(ExtensibilityGlobals) = postSolution
		SolutionGuid = {3102E3A3-1A62-4CA5-BD79-14417E574EA1}
	EndGlobalSection
EndGlobal
