
Microsoft Visual Studio Solution File, Format Version 12.00
# Visual Studio Version 16
VisualStudioVersion = 16.0.31129.286
MinimumVisualStudioVersion = 10.0.40219.1
Project("{FAE04EC0-301F-11D3-BF4B-00C04F79EFBC}") = "StructuralDesignPatterns", "StructuralDesignPatterns\StructuralDesignPatterns.csproj", "{5F5366F0-D909-40B6-9FA6-1B4B5793A15D}"
EndProject
Global
	GlobalSection(SolutionConfigurationPlatforms) = preSolution
		Debug|Any CPU = Debug|Any CPU
		Release|Any CPU = Release|Any CPU
	EndGlobalSection
	GlobalSection(ProjectConfigurationPlatforms) = postSolution
		{5F5366F0-D909-40B6-9FA6-1B4B5793A15D}.Debug|Any CPU.ActiveCfg = Debug|Any CPU
		{5F5366F0-D909-40B6-9FA6-1B4B5793A15D}.Debug|Any CPU.Build.0 = Debug|Any CPU
		{5F5366F0-D909-40B6-9FA6-1B4B5793A15D}.Release|Any CPU.ActiveCfg = Release|Any CPU
		{5F5366F0-D909-40B6-9FA6-1B4B5793A15D}.Release|Any CPU.Build.0 = Release|Any CPU
	EndGlobalSection
	GlobalSection(SolutionProperties) = preSolution
		HideSolutionNode = FALSE
	EndGlobalSection
	GlobalSection(ExtensibilityGlobals) = postSolution
		SolutionGuid = {E5FE33FE-7C23-4A68-BC58-F23FF846502A}
	EndGlobalSection
EndGlobal
