
Microsoft Visual Studio Solution File, Format Version 12.00
# Visual Studio Version 16
VisualStudioVersion = 16.0.31229.75
MinimumVisualStudioVersion = 10.0.40219.1
Project("{9A19103F-16F7-4668-BE54-9A1E7A4F7556}") = "BehavioralDesignPatterns", "BehavioralDesignPatterns\BehavioralDesignPatterns.csproj", "{062B120C-E690-4749-83BE-3ACF25266B00}"
EndProject
Global
	GlobalSection(SolutionConfigurationPlatforms) = preSolution
		Debug|Any CPU = Debug|Any CPU
		Release|Any CPU = Release|Any CPU
	EndGlobalSection
	GlobalSection(ProjectConfigurationPlatforms) = postSolution
		{062B120C-E690-4749-83BE-3ACF25266B00}.Debug|Any CPU.ActiveCfg = Debug|Any CPU
		{062B120C-E690-4749-83BE-3ACF25266B00}.Debug|Any CPU.Build.0 = Debug|Any CPU
		{062B120C-E690-4749-83BE-3ACF25266B00}.Release|Any CPU.ActiveCfg = Release|Any CPU
		{062B120C-E690-4749-83BE-3ACF25266B00}.Release|Any CPU.Build.0 = Release|Any CPU
	EndGlobalSection
	GlobalSection(SolutionProperties) = preSolution
		HideSolutionNode = FALSE
	EndGlobalSection
	GlobalSection(ExtensibilityGlobals) = postSolution
		SolutionGuid = {2BA155AE-0ED5-45EA-872E-38B705286088}
	EndGlobalSection
EndGlobal
