
Microsoft Visual Studio Solution File, Format Version 12.00
# Visual Studio Version 16
VisualStudioVersion = 16.0.31025.194
MinimumVisualStudioVersion = 10.0.40219.1
Project("{FAE04EC0-301F-11D3-BF4B-00C04F79EFBC}") = "CreationalDesignPatterns", "CreationalDesignPatterns\CreationalDesignPatterns.csproj", "{F376AE27-81A5-4002-B327-146E6AC66DF1}"
EndProject
Global
	GlobalSection(SolutionConfigurationPlatforms) = preSolution
		Debug|Any CPU = Debug|Any CPU
		Release|Any CPU = Release|Any CPU
	EndGlobalSection
	GlobalSection(ProjectConfigurationPlatforms) = postSolution
		{F376AE27-81A5-4002-B327-146E6AC66DF1}.Debug|Any CPU.ActiveCfg = Debug|Any CPU
		{F376AE27-81A5-4002-B327-146E6AC66DF1}.Debug|Any CPU.Build.0 = Debug|Any CPU
		{F376AE27-81A5-4002-B327-146E6AC66DF1}.Release|Any CPU.ActiveCfg = Release|Any CPU
		{F376AE27-81A5-4002-B327-146E6AC66DF1}.Release|Any CPU.Build.0 = Release|Any CPU
	EndGlobalSection
	GlobalSection(SolutionProperties) = preSolution
		HideSolutionNode = FALSE
	EndGlobalSection
	GlobalSection(ExtensibilityGlobals) = postSolution
		SolutionGuid = {D6EEE917-D522-4ADC-95B7-72DF1F194DD6}
	EndGlobalSection
EndGlobal
